// !$*UTF8*$!
{
	archiveVersion = 1;
	classes = {
	};
	objectVersion = 56;
	objects = {

/* Begin PBXBuildFile section */
		F1E28B572BD19B1100A905E4 /* ViewController.swift in Sources */ = {isa = PBXBuildFile; fileRef = F1E28B562BD19B1100A905E4 /* ViewController.swift */; };
		F1E28B592BD19B1400A905E4 /* Assets.xcassets in Resources */ = {isa = PBXBuildFile; fileRef = F1E28B582BD19B1400A905E4 /* Assets.xcassets */; };
		F1E28B5C2BD19B1400A905E4 /* Main.storyboard in Resources */ = {isa = PBXBuildFile; fileRef = F1E28B5A2BD19B1400A905E4 /* Main.storyboard */; };
		F1E28B672BD19B1500A905E4 /* nuflickerTests.swift in Sources */ = {isa = PBXBuildFile; fileRef = F1E28B662BD19B1500A905E4 /* nuflickerTests.swift */; };
		F1E28B712BD19B1500A905E4 /* nuflickerUITests.swift in Sources */ = {isa = PBXBuildFile; fileRef = F1E28B702BD19B1500A905E4 /* nuflickerUITests.swift */; };
		F1E28B732BD19B1500A905E4 /* nuflickerUITestsLaunchTests.swift in Sources */ = {isa = PBXBuildFile; fileRef = F1E28B722BD19B1500A905E4 /* nuflickerUITestsLaunchTests.swift */; };
		F1E28B812BD19B3600A905E4 /* IOKit.framework in Frameworks */ = {isa = PBXBuildFile; fileRef = F1E28B802BD19B3600A905E4 /* IOKit.framework */; };
		F1E28B842BD19D9000A905E4 /* ScreenAdjuster.swift in Sources */ = {isa = PBXBuildFile; fileRef = F1E28B832BD19C8500A905E4 /* ScreenAdjuster.swift */; };
		F1E28B862BD19FFE00A905E4 /* CoreGraphics.framework in Frameworks */ = {isa = PBXBuildFile; fileRef = F1E28B852BD19FFE00A905E4 /* CoreGraphics.framework */; };
		F1E28B882BD1A01800A905E4 /* ApplicationServices.framework in Frameworks */ = {isa = PBXBuildFile; fileRef = F1E28B872BD1A01800A905E4 /* ApplicationServices.framework */; };
		F1E28B8A2BD1AFBD00A905E4 /* ScreenAdjusterBlur.swift in Sources */ = {isa = PBXBuildFile; fileRef = F1E28B892BD1AFBD00A905E4 /* ScreenAdjusterBlur.swift */; };
		F1E28B8C2BD1B8E000A905E4 /* BlendingView.swift in Sources */ = {isa = PBXBuildFile; fileRef = F1E28B8B2BD1B8E000A905E4 /* BlendingView.swift */; };
		F1E28B922BD1CA5F00A905E4 /* ScreenTemperatureController.m in Sources */ = {isa = PBXBuildFile; fileRef = F1E28B912BD1CA5F00A905E4 /* ScreenTemperatureController.m */; };
		F1E28BCF2BD1EA9D00A905E4 /* BrightnessController.swift in Sources */ = {isa = PBXBuildFile; fileRef = F1E28BCE2BD1EA9D00A905E4 /* BrightnessController.swift */; };
/* End PBXBuildFile section */

/* Begin PBXContainerItemProxy section */
		F1E28B632BD19B1500A905E4 /* PBXContainerItemProxy */ = {
			isa = PBXContainerItemProxy;
			containerPortal = F1E28B492BD19B1100A905E4 /* Project object */;
			proxyType = 1;
			remoteGlobalIDString = F1E28B502BD19B1100A905E4;
			remoteInfo = nuflicker;
		};
		F1E28B6D2BD19B1500A905E4 /* PBXContainerItemProxy */ = {
			isa = PBXContainerItemProxy;
			containerPortal = F1E28B492BD19B1100A905E4 /* Project object */;
			proxyType = 1;
			remoteGlobalIDString = F1E28B502BD19B1100A905E4;
			remoteInfo = nuflicker;
		};
/* End PBXContainerItemProxy section */

/* Begin PBXFileReference section */
		F1E28B512BD19B1100A905E4 /* nuflicker.app */ = {isa = PBXFileReference; explicitFileType = wrapper.application; includeInIndex = 0; path = nuflicker.app; sourceTree = BUILT_PRODUCTS_DIR; };
		F1E28B562BD19B1100A905E4 /* ViewController.swift */ = {isa = PBXFileReference; lastKnownFileType = sourcecode.swift; path = ViewController.swift; sourceTree = "<group>"; };
		F1E28B582BD19B1400A905E4 /* Assets.xcassets */ = {isa = PBXFileReference; lastKnownFileType = folder.assetcatalog; path = Assets.xcassets; sourceTree = "<group>"; };
		F1E28B5B2BD19B1400A905E4 /* Base */ = {isa = PBXFileReference; lastKnownFileType = file.storyboard; name = Base; path = Base.lproj/Main.storyboard; sourceTree = "<group>"; };
		F1E28B5D2BD19B1400A905E4 /* nuflicker.entitlements */ = {isa = PBXFileReference; lastKnownFileType = text.plist.entitlements; path = nuflicker.entitlements; sourceTree = "<group>"; };
		F1E28B622BD19B1500A905E4 /* nuflickerTests.xctest */ = {isa = PBXFileReference; explicitFileType = wrapper.cfbundle; includeInIndex = 0; path = nuflickerTests.xctest; sourceTree = BUILT_PRODUCTS_DIR; };
		F1E28B662BD19B1500A905E4 /* nuflickerTests.swift */ = {isa = PBXFileReference; lastKnownFileType = sourcecode.swift; path = nuflickerTests.swift; sourceTree = "<group>"; };
		F1E28B6C2BD19B1500A905E4 /* nuflickerUITests.xctest */ = {isa = PBXFileReference; explicitFileType = wrapper.cfbundle; includeInIndex = 0; path = nuflickerUITests.xctest; sourceTree = BUILT_PRODUCTS_DIR; };
		F1E28B702BD19B1500A905E4 /* nuflickerUITests.swift */ = {isa = PBXFileReference; lastKnownFileType = sourcecode.swift; path = nuflickerUITests.swift; sourceTree = "<group>"; };
		F1E28B722BD19B1500A905E4 /* nuflickerUITestsLaunchTests.swift */ = {isa = PBXFileReference; lastKnownFileType = sourcecode.swift; path = nuflickerUITestsLaunchTests.swift; sourceTree = "<group>"; };
		F1E28B802BD19B3600A905E4 /* IOKit.framework */ = {isa = PBXFileReference; lastKnownFileType = wrapper.framework; name = IOKit.framework; path = System/Library/Frameworks/IOKit.framework; sourceTree = SDKROOT; };
		F1E28B832BD19C8500A905E4 /* ScreenAdjuster.swift */ = {isa = PBXFileReference; lastKnownFileType = sourcecode.swift; path = ScreenAdjuster.swift; sourceTree = "<group>"; };
		F1E28B852BD19FFE00A905E4 /* CoreGraphics.framework */ = {isa = PBXFileReference; lastKnownFileType = wrapper.framework; name = CoreGraphics.framework; path = System/Library/Frameworks/CoreGraphics.framework; sourceTree = SDKROOT; };
		F1E28B872BD1A01800A905E4 /* ApplicationServices.framework */ = {isa = PBXFileReference; lastKnownFileType = wrapper.framework; name = ApplicationServices.framework; path = System/Library/Frameworks/ApplicationServices.framework; sourceTree = SDKROOT; };
		F1E28B892BD1AFBD00A905E4 /* ScreenAdjusterBlur.swift */ = {isa = PBXFileReference; fileEncoding = 4; lastKnownFileType = sourcecode.swift; path = ScreenAdjusterBlur.swift; sourceTree = "<group>"; };
		F1E28B8B2BD1B8E000A905E4 /* BlendingView.swift */ = {isa = PBXFileReference; lastKnownFileType = sourcecode.swift; path = BlendingView.swift; sourceTree = "<group>"; };
		F1E28B8F2BD1C54400A905E4 /* nuflicker-Bridging-Header.h */ = {isa = PBXFileReference; lastKnownFileType = sourcecode.c.h; path = "nuflicker-Bridging-Header.h"; sourceTree = "<group>"; };
		F1E28B902BD1C8BB00A905E4 /* ScreenTemperatureController.h */ = {isa = PBXFileReference; lastKnownFileType = sourcecode.c.h; path = ScreenTemperatureController.h; sourceTree = "<group>"; };
		F1E28B912BD1CA5F00A905E4 /* ScreenTemperatureController.m */ = {isa = PBXFileReference; lastKnownFileType = sourcecode.c.objc; path = ScreenTemperatureController.m; sourceTree = "<group>"; };
		F1E28BCE2BD1EA9D00A905E4 /* BrightnessController.swift */ = {isa = PBXFileReference; lastKnownFileType = sourcecode.swift; path = BrightnessController.swift; sourceTree = "<group>"; };
/* End PBXFileReference section */

/* Begin PBXFrameworksBuildPhase section */
		F1E28B4E2BD19B1100A905E4 /* Frameworks */ = {
			isa = PBXFrameworksBuildPhase;
			buildActionMask = 2147483647;
			files = (
				F1E28B882BD1A01800A905E4 /* ApplicationServices.framework in Frameworks */,
				F1E28B862BD19FFE00A905E4 /* CoreGraphics.framework in Frameworks */,
				F1E28B812BD19B3600A905E4 /* IOKit.framework in Frameworks */,
			);
			runOnlyForDeploymentPostprocessing = 0;
		};
		F1E28B5F2BD19B1500A905E4 /* Frameworks */ = {
			isa = PBXFrameworksBuildPhase;
			buildActionMask = 2147483647;
			files = (
			);
			runOnlyForDeploymentPostprocessing = 0;
		};
		F1E28B692BD19B1500A905E4 /* Frameworks */ = {
			isa = PBXFrameworksBuildPhase;
			buildActionMask = 2147483647;
			files = (
			);
			runOnlyForDeploymentPostprocessing = 0;
		};
/* End PBXFrameworksBuildPhase section */

/* Begin PBXGroup section */
		F1E28B482BD19B1100A905E4 = {
			isa = PBXGroup;
			children = (
				F1E28B832BD19C8500A905E4 /* ScreenAdjuster.swift */,
				F1E28B532BD19B1100A905E4 /* nuflicker */,
				F1E28B652BD19B1500A905E4 /* nuflickerTests */,
				F1E28B6F2BD19B1500A905E4 /* nuflickerUITests */,
				F1E28B522BD19B1100A905E4 /* Products */,
				F1E28B7F2BD19B3600A905E4 /* Frameworks */,
			);
			sourceTree = "<group>";
		};
		F1E28B522BD19B1100A905E4 /* Products */ = {
			isa = PBXGroup;
			children = (
				F1E28B512BD19B1100A905E4 /* nuflicker.app */,
				F1E28B622BD19B1500A905E4 /* nuflickerTests.xctest */,
				F1E28B6C2BD19B1500A905E4 /* nuflickerUITests.xctest */,
			);
			name = Products;
			sourceTree = "<group>";
		};
		F1E28B532BD19B1100A905E4 /* nuflicker */ = {
			isa = PBXGroup;
			children = (
				F1E28B892BD1AFBD00A905E4 /* ScreenAdjusterBlur.swift */,
				F1E28BCE2BD1EA9D00A905E4 /* BrightnessController.swift */,
				F1E28B902BD1C8BB00A905E4 /* ScreenTemperatureController.h */,
				F1E28B912BD1CA5F00A905E4 /* ScreenTemperatureController.m */,
				F1E28B8F2BD1C54400A905E4 /* nuflicker-Bridging-Header.h */,
				F1E28B8B2BD1B8E000A905E4 /* BlendingView.swift */,
				F1E28B562BD19B1100A905E4 /* ViewController.swift */,
				F1E28B582BD19B1400A905E4 /* Assets.xcassets */,
				F1E28B5A2BD19B1400A905E4 /* Main.storyboard */,
				F1E28B5D2BD19B1400A905E4 /* nuflicker.entitlements */,
			);
			path = nuflicker;
			sourceTree = "<group>";
		};
		F1E28B652BD19B1500A905E4 /* nuflickerTests */ = {
			isa = PBXGroup;
			children = (
				F1E28B662BD19B1500A905E4 /* nuflickerTests.swift */,
			);
			path = nuflickerTests;
			sourceTree = "<group>";
		};
		F1E28B6F2BD19B1500A905E4 /* nuflickerUITests */ = {
			isa = PBXGroup;
			children = (
				F1E28B702BD19B1500A905E4 /* nuflickerUITests.swift */,
				F1E28B722BD19B1500A905E4 /* nuflickerUITestsLaunchTests.swift */,
			);
			path = nuflickerUITests;
			sourceTree = "<group>";
		};
		F1E28B7F2BD19B3600A905E4 /* Frameworks */ = {
			isa = PBXGroup;
			children = (
				F1E28B872BD1A01800A905E4 /* ApplicationServices.framework */,
				F1E28B852BD19FFE00A905E4 /* CoreGraphics.framework */,
				F1E28B802BD19B3600A905E4 /* IOKit.framework */,
			);
			name = Frameworks;
			sourceTree = "<group>";
		};
/* End PBXGroup section */

/* Begin PBXNativeTarget section */
		F1E28B502BD19B1100A905E4 /* nuflicker */ = {
			isa = PBXNativeTarget;
			buildConfigurationList = F1E28B762BD19B1500A905E4 /* Build configuration list for PBXNativeTarget "nuflicker" */;
			buildPhases = (
				F1E28B4D2BD19B1100A905E4 /* Sources */,
				F1E28B4E2BD19B1100A905E4 /* Frameworks */,
				F1E28B4F2BD19B1100A905E4 /* Resources */,
			);
			buildRules = (
			);
			dependencies = (
			);
			name = nuflicker;
			productName = nuflicker;
			productReference = F1E28B512BD19B1100A905E4 /* nuflicker.app */;
			productType = "com.apple.product-type.application";
		};
		F1E28B612BD19B1500A905E4 /* nuflickerTests */ = {
			isa = PBXNativeTarget;
			buildConfigurationList = F1E28B792BD19B1500A905E4 /* Build configuration list for PBXNativeTarget "nuflickerTests" */;
			buildPhases = (
				F1E28B5E2BD19B1500A905E4 /* Sources */,
				F1E28B5F2BD19B1500A905E4 /* Frameworks */,
				F1E28B602BD19B1500A905E4 /* Resources */,
			);
			buildRules = (
			);
			dependencies = (
				F1E28B642BD19B1500A905E4 /* PBXTargetDependency */,
			);
			name = nuflickerTests;
			productName = nuflickerTests;
			productReference = F1E28B622BD19B1500A905E4 /* nuflickerTests.xctest */;
			productType = "com.apple.product-type.bundle.unit-test";
		};
		F1E28B6B2BD19B1500A905E4 /* nuflickerUITests */ = {
			isa = PBXNativeTarget;
			buildConfigurationList = F1E28B7C2BD19B1500A905E4 /* Build configuration list for PBXNativeTarget "nuflickerUITests" */;
			buildPhases = (
				F1E28B682BD19B1500A905E4 /* Sources */,
				F1E28B692BD19B1500A905E4 /* Frameworks */,
				F1E28B6A2BD19B1500A905E4 /* Resources */,
			);
			buildRules = (
			);
			dependencies = (
				F1E28B6E2BD19B1500A905E4 /* PBXTargetDependency */,
			);
			name = nuflickerUITests;
			productName = nuflickerUITests;
			productReference = F1E28B6C2BD19B1500A905E4 /* nuflickerUITests.xctest */;
			productType = "com.apple.product-type.bundle.ui-testing";
		};
/* End PBXNativeTarget section */

/* Begin PBXProject section */
		F1E28B492BD19B1100A905E4 /* Project object */ = {
			isa = PBXProject;
			attributes = {
				BuildIndependentTargetsInParallel = 1;
				LastSwiftUpdateCheck = 1500;
				LastUpgradeCheck = 1500;
				TargetAttributes = {
					F1E28B502BD19B1100A905E4 = {
						CreatedOnToolsVersion = 15.0.1;
					};
					F1E28B612BD19B1500A905E4 = {
						CreatedOnToolsVersion = 15.0.1;
						TestTargetID = F1E28B502BD19B1100A905E4;
					};
					F1E28B6B2BD19B1500A905E4 = {
						CreatedOnToolsVersion = 15.0.1;
						TestTargetID = F1E28B502BD19B1100A905E4;
					};
				};
			};
			buildConfigurationList = F1E28B4C2BD19B1100A905E4 /* Build configuration list for PBXProject "nuflicker" */;
			compatibilityVersion = "Xcode 14.0";
			developmentRegion = en;
			hasScannedForEncodings = 0;
			knownRegions = (
				en,
				Base,
			);
			mainGroup = F1E28B482BD19B1100A905E4;
			productRefGroup = F1E28B522BD19B1100A905E4 /* Products */;
			projectDirPath = "";
			projectRoot = "";
			targets = (
				F1E28B502BD19B1100A905E4 /* nuflicker */,
				F1E28B612BD19B1500A905E4 /* nuflickerTests */,
				F1E28B6B2BD19B1500A905E4 /* nuflickerUITests */,
			);
		};
/* End PBXProject section */

/* Begin PBXResourcesBuildPhase section */
		F1E28B4F2BD19B1100A905E4 /* Resources */ = {
			isa = PBXResourcesBuildPhase;
			buildActionMask = 2147483647;
			files = (
				F1E28B592BD19B1400A905E4 /* Assets.xcassets in Resources */,
				F1E28B5C2BD19B1400A905E4 /* Main.storyboard in Resources */,
			);
			runOnlyForDeploymentPostprocessing = 0;
		};
		F1E28B602BD19B1500A905E4 /* Resources */ = {
			isa = PBXResourcesBuildPhase;
			buildActionMask = 2147483647;
			files = (
			);
			runOnlyForDeploymentPostprocessing = 0;
		};
		F1E28B6A2BD19B1500A905E4 /* Resources */ = {
			isa = PBXResourcesBuildPhase;
			buildActionMask = 2147483647;
			files = (
			);
			runOnlyForDeploymentPostprocessing = 0;
		};
/* End PBXResourcesBuildPhase section */

/* Begin PBXSourcesBuildPhase section */
		F1E28B4D2BD19B1100A905E4 /* Sources */ = {
			isa = PBXSourcesBuildPhase;
			buildActionMask = 2147483647;
			files = (
				F1E28B842BD19D9000A905E4 /* ScreenAdjuster.swift in Sources */,
				F1E28B572BD19B1100A905E4 /* ViewController.swift in Sources */,
				F1E28BCF2BD1EA9D00A905E4 /* BrightnessController.swift in Sources */,
				F1E28B922BD1CA5F00A905E4 /* ScreenTemperatureController.m in Sources */,
				F1E28B8A2BD1AFBD00A905E4 /* ScreenAdjusterBlur.swift in Sources */,
				F1E28B8C2BD1B8E000A905E4 /* BlendingView.swift in Sources */,
			);
			runOnlyForDeploymentPostprocessing = 0;
		};
		F1E28B5E2BD19B1500A905E4 /* Sources */ = {
			isa = PBXSourcesBuildPhase;
			buildActionMask = 2147483647;
			files = (
				F1E28B672BD19B1500A905E4 /* nuflickerTests.swift in Sources */,
			);
			runOnlyForDeploymentPostprocessing = 0;
		};
		F1E28B682BD19B1500A905E4 /* Sources */ = {
			isa = PBXSourcesBuildPhase;
			buildActionMask = 2147483647;
			files = (
				F1E28B732BD19B1500A905E4 /* nuflickerUITestsLaunchTests.swift in Sources */,
				F1E28B712BD19B1500A905E4 /* nuflickerUITests.swift in Sources */,
			);
			runOnlyForDeploymentPostprocessing = 0;
		};
/* End PBXSourcesBuildPhase section */

/* Begin PBXTargetDependency section */
		F1E28B642BD19B1500A905E4 /* PBXTargetDependency */ = {
			isa = PBXTargetDependency;
			target = F1E28B502BD19B1100A905E4 /* nuflicker */;
			targetProxy = F1E28B632BD19B1500A905E4 /* PBXContainerItemProxy */;
		};
		F1E28B6E2BD19B1500A905E4 /* PBXTargetDependency */ = {
			isa = PBXTargetDependency;
			target = F1E28B502BD19B1100A905E4 /* nuflicker */;
			targetProxy = F1E28B6D2BD19B1500A905E4 /* PBXContainerItemProxy */;
		};
/* End PBXTargetDependency section */

/* Begin PBXVariantGroup section */
		F1E28B5A2BD19B1400A905E4 /* Main.storyboard */ = {
			isa = PBXVariantGroup;
			children = (
				F1E28B5B2BD19B1400A905E4 /* Base */,
			);
			name = Main.storyboard;
			sourceTree = "<group>";
		};
/* End PBXVariantGroup section */

/* Begin XCBuildConfiguration section */
		F1E28B742BD19B1500A905E4 /* Debug */ = {
			isa = XCBuildConfiguration;
			buildSettings = {
				ALWAYS_SEARCH_USER_PATHS = NO;
				ASSETCATALOG_COMPILER_GENERATE_SWIFT_ASSET_SYMBOL_EXTENSIONS = YES;
				CLANG_ANALYZER_NONNULL = YES;
				CLANG_ANALYZER_NUMBER_OBJECT_CONVERSION = YES_AGGRESSIVE;
				CLANG_CXX_LANGUAGE_STANDARD = "gnu++20";
				CLANG_ENABLE_MODULES = YES;
				CLANG_ENABLE_OBJC_ARC = YES;
				CLANG_ENABLE_OBJC_WEAK = YES;
				CLANG_WARN_BLOCK_CAPTURE_AUTORELEASING = YES;
				CLANG_WARN_BOOL_CONVERSION = YES;
				CLANG_WARN_COMMA = YES;
				CLANG_WARN_CONSTANT_CONVERSION = YES;
				CLANG_WARN_DEPRECATED_OBJC_IMPLEMENTATIONS = YES;
				CLANG_WARN_DIRECT_OBJC_ISA_USAGE = YES_ERROR;
				CLANG_WARN_DOCUMENTATION_COMMENTS = YES;
				CLANG_WARN_EMPTY_BODY = YES;
				CLANG_WARN_ENUM_CONVERSION = YES;
				CLANG_WARN_INFINITE_RECURSION = YES;
				CLANG_WARN_INT_CONVERSION = YES;
				CLANG_WARN_NON_LITERAL_NULL_CONVERSION = YES;
				CLANG_WARN_OBJC_IMPLICIT_RETAIN_SELF = YES;
				CLANG_WARN_OBJC_LITERAL_CONVERSION = YES;
				CLANG_WARN_OBJC_ROOT_CLASS = YES_ERROR;
				CLANG_WARN_QUOTED_INCLUDE_IN_FRAMEWORK_HEADER = YES;
				CLANG_WARN_RANGE_LOOP_ANALYSIS = YES;
				CLANG_WARN_STRICT_PROTOTYPES = YES;
				CLANG_WARN_SUSPICIOUS_MOVE = YES;
				CLANG_WARN_UNGUARDED_AVAILABILITY = YES_AGGRESSIVE;
				CLANG_WARN_UNREACHABLE_CODE = YES;
				CLANG_WARN__DUPLICATE_METHOD_MATCH = YES;
				COPY_PHASE_STRIP = NO;
				DEBUG_INFORMATION_FORMAT = dwarf;
				ENABLE_STRICT_OBJC_MSGSEND = YES;
				ENABLE_TESTABILITY = YES;
				ENABLE_USER_SCRIPT_SANDBOXING = YES;
				GCC_C_LANGUAGE_STANDARD = gnu17;
				GCC_DYNAMIC_NO_PIC = NO;
				GCC_NO_COMMON_BLOCKS = YES;
				GCC_OPTIMIZATION_LEVEL = 0;
				GCC_PREPROCESSOR_DEFINITIONS = (
					"DEBUG=1",
					"$(inherited)",
				);
				GCC_WARN_64_TO_32_BIT_CONVERSION = YES;
				GCC_WARN_ABOUT_RETURN_TYPE = YES_ERROR;
				GCC_WARN_UNDECLARED_SELECTOR = YES;
				GCC_WARN_UNINITIALIZED_AUTOS = YES_AGGRESSIVE;
				GCC_WARN_UNUSED_FUNCTION = YES;
				GCC_WARN_UNUSED_VARIABLE = YES;
				LOCALIZATION_PREFERS_STRING_CATALOGS = YES;
				MACOSX_DEPLOYMENT_TARGET = 14.0;
				MTL_ENABLE_DEBUG_INFO = INCLUDE_SOURCE;
				MTL_FAST_MATH = YES;
				ONLY_ACTIVE_ARCH = YES;
				SDKROOT = macosx;
				SWIFT_ACTIVE_COMPILATION_CONDITIONS = "DEBUG $(inherited)";
				SWIFT_OPTIMIZATION_LEVEL = "-Onone";
			};
			name = Debug;
		};
		F1E28B752BD19B1500A905E4 /* Release */ = {
			isa = XCBuildConfiguration;
			buildSettings = {
				ALWAYS_SEARCH_USER_PATHS = NO;
				ASSETCATALOG_COMPILER_GENERATE_SWIFT_ASSET_SYMBOL_EXTENSIONS = YES;
				CLANG_ANALYZER_NONNULL = YES;
				CLANG_ANALYZER_NUMBER_OBJECT_CONVERSION = YES_AGGRESSIVE;
				CLANG_CXX_LANGUAGE_STANDARD = "gnu++20";
				CLANG_ENABLE_MODULES = YES;
				CLANG_ENABLE_OBJC_ARC = YES;
				CLANG_ENABLE_OBJC_WEAK = YES;
				CLANG_WARN_BLOCK_CAPTURE_AUTORELEASING = YES;
				CLANG_WARN_BOOL_CONVERSION = YES;
				CLANG_WARN_COMMA = YES;
				CLANG_WARN_CONSTANT_CONVERSION = YES;
				CLANG_WARN_DEPRECATED_OBJC_IMPLEMENTATIONS = YES;
				CLANG_WARN_DIRECT_OBJC_ISA_USAGE = YES_ERROR;
				CLANG_WARN_DOCUMENTATION_COMMENTS = YES;
				CLANG_WARN_EMPTY_BODY = YES;
				CLANG_WARN_ENUM_CONVERSION = YES;
				CLANG_WARN_INFINITE_RECURSION = YES;
				CLANG_WARN_INT_CONVERSION = YES;
				CLANG_WARN_NON_LITERAL_NULL_CONVERSION = YES;
				CLANG_WARN_OBJC_IMPLICIT_RETAIN_SELF = YES;
				CLANG_WARN_OBJC_LITERAL_CONVERSION = YES;
				CLANG_WARN_OBJC_ROOT_CLASS = YES_ERROR;
				CLANG_WARN_QUOTED_INCLUDE_IN_FRAMEWORK_HEADER = YES;
				CLANG_WARN_RANGE_LOOP_ANALYSIS = YES;
				CLANG_WARN_STRICT_PROTOTYPES = YES;
				CLANG_WARN_SUSPICIOUS_MOVE = YES;
				CLANG_WARN_UNGUARDED_AVAILABILITY = YES_AGGRESSIVE;
				CLANG_WARN_UNREACHABLE_CODE = YES;
				CLANG_WARN__DUPLICATE_METHOD_MATCH = YES;
				COPY_PHASE_STRIP = NO;
				DEBUG_INFORMATION_FORMAT = "dwarf-with-dsym";
				ENABLE_NS_ASSERTIONS = NO;
				ENABLE_STRICT_OBJC_MSGSEND = YES;
				ENABLE_USER_SCRIPT_SANDBOXING = YES;
				GCC_C_LANGUAGE_STANDARD = gnu17;
				GCC_NO_COMMON_BLOCKS = YES;
				GCC_WARN_64_TO_32_BIT_CONVERSION = YES;
				GCC_WARN_ABOUT_RETURN_TYPE = YES_ERROR;
				GCC_WARN_UNDECLARED_SELECTOR = YES;
				GCC_WARN_UNINITIALIZED_AUTOS = YES_AGGRESSIVE;
				GCC_WARN_UNUSED_FUNCTION = YES;
				GCC_WARN_UNUSED_VARIABLE = YES;
				LOCALIZATION_PREFERS_STRING_CATALOGS = YES;
				MACOSX_DEPLOYMENT_TARGET = 14.0;
				MTL_ENABLE_DEBUG_INFO = NO;
				MTL_FAST_MATH = YES;
				SDKROOT = macosx;
				SWIFT_COMPILATION_MODE = wholemodule;
			};
			name = Release;
		};
		F1E28B772BD19B1500A905E4 /* Debug */ = {
			isa = XCBuildConfiguration;
			buildSettings = {
				ASSETCATALOG_COMPILER_APPICON_NAME = AppIcon;
				ASSETCATALOG_COMPILER_GLOBAL_ACCENT_COLOR_NAME = AccentColor;
				CODE_SIGN_ENTITLEMENTS = nuflicker/nuflicker.entitlements;
				CODE_SIGN_STYLE = Automatic;
				COMBINE_HIDPI_IMAGES = YES;
				CURRENT_PROJECT_VERSION = 1;
				DEVELOPMENT_TEAM = KKZYWR7787;
				ENABLE_HARDENED_RUNTIME = YES;
				GENERATE_INFOPLIST_FILE = YES;
				INFOPLIST_KEY_NSHumanReadableCopyright = "";
				INFOPLIST_KEY_NSMainStoryboardFile = Main;
				INFOPLIST_KEY_NSPrincipalClass = NSApplication;
				LD_RUNPATH_SEARCH_PATHS = (
					"$(inherited)",
					"@executable_path/../Frameworks",
				);
				MARKETING_VERSION = 1.0;
				PRODUCT_BUNDLE_IDENTIFIER = yourstruly.nuflicker;
				PRODUCT_NAME = "$(TARGET_NAME)";
				SWIFT_EMIT_LOC_STRINGS = YES;
				SWIFT_OBJC_BRIDGING_HEADER = "nuflicker/nuflicker-Bridging-Header.h";
				SWIFT_VERSION = 5.0;
			};
			name = Debug;
		};
		F1E28B782BD19B1500A905E4 /* Release */ = {
			isa = XCBuildConfiguration;
			buildSettings = {
				ASSETCATALOG_COMPILER_APPICON_NAME = AppIcon;
				ASSETCATALOG_COMPILER_GLOBAL_ACCENT_COLOR_NAME = AccentColor;
				CODE_SIGN_ENTITLEMENTS = nuflicker/nuflicker.entitlements;
				CODE_SIGN_STYLE = Automatic;
				COMBINE_HIDPI_IMAGES = YES;
				CURRENT_PROJECT_VERSION = 1;
				DEVELOPMENT_TEAM = KKZYWR7787;
				ENABLE_HARDENED_RUNTIME = YES;
				GENERATE_INFOPLIST_FILE = YES;
				INFOPLIST_KEY_NSHumanReadableCopyright = "";
				INFOPLIST_KEY_NSMainStoryboardFile = Main;
				INFOPLIST_KEY_NSPrincipalClass = NSApplication;
				LD_RUNPATH_SEARCH_PATHS = (
					"$(inherited)",
					"@executable_path/../Frameworks",
				);
				MARKETING_VERSION = 1.0;
				PRODUCT_BUNDLE_IDENTIFIER = yourstruly.nuflicker;
				PRODUCT_NAME = "$(TARGET_NAME)";
				SWIFT_EMIT_LOC_STRINGS = YES;
				SWIFT_OBJC_BRIDGING_HEADER = "nuflicker/nuflicker-Bridging-Header.h";
				SWIFT_VERSION = 5.0;
			};
			name = Release;
		};
		F1E28B7A2BD19B1500A905E4 /* Debug */ = {
			isa = XCBuildConfiguration;
			buildSettings = {
				ALWAYS_EMBED_SWIFT_STANDARD_LIBRARIES = YES;
				BUNDLE_LOADER = "$(TEST_HOST)";
				CODE_SIGN_STYLE = Automatic;
				CURRENT_PROJECT_VERSION = 1;
				DEVELOPMENT_TEAM = KKZYWR7787;
				GENERATE_INFOPLIST_FILE = YES;
				MACOSX_DEPLOYMENT_TARGET = 14.0;
				MARKETING_VERSION = 1.0;
				PRODUCT_BUNDLE_IDENTIFIER = yourstruly.nuflickerTests;
				PRODUCT_NAME = "$(TARGET_NAME)";
				SWIFT_EMIT_LOC_STRINGS = NO;
				SWIFT_VERSION = 5.0;
				TEST_HOST = "$(BUILT_PRODUCTS_DIR)/nuflicker.app/$(BUNDLE_EXECUTABLE_FOLDER_PATH)/nuflicker";
			};
			name = Debug;
		};
		F1E28B7B2BD19B1500A905E4 /* Release */ = {
			isa = XCBuildConfiguration;
			buildSettings = {
				ALWAYS_EMBED_SWIFT_STANDARD_LIBRARIES = YES;
				BUNDLE_LOADER = "$(TEST_HOST)";
				CODE_SIGN_STYLE = Automatic;
				CURRENT_PROJECT_VERSION = 1;
				DEVELOPMENT_TEAM = KKZYWR7787;
				GENERATE_INFOPLIST_FILE = YES;
				MACOSX_DEPLOYMENT_TARGET = 14.0;
				MARKETING_VERSION = 1.0;
				PRODUCT_BUNDLE_IDENTIFIER = yourstruly.nuflickerTests;
				PRODUCT_NAME = "$(TARGET_NAME)";
				SWIFT_EMIT_LOC_STRINGS = NO;
				SWIFT_VERSION = 5.0;
				TEST_HOST = "$(BUILT_PRODUCTS_DIR)/nuflicker.app/$(BUNDLE_EXECUTABLE_FOLDER_PATH)/nuflicker";
			};
			name = Release;
		};
		F1E28B7D2BD19B1500A905E4 /* Debug */ = {
			isa = XCBuildConfiguration;
			buildSettings = {
				ALWAYS_EMBED_SWIFT_STANDARD_LIBRARIES = YES;
				CODE_SIGN_STYLE = Automatic;
				CURRENT_PROJECT_VERSION = 1;
				DEVELOPMENT_TEAM = KKZYWR7787;
				GENERATE_INFOPLIST_FILE = YES;
				MARKETING_VERSION = 1.0;
				PRODUCT_BUNDLE_IDENTIFIER = yourstruly.nuflickerUITests;
				PRODUCT_NAME = "$(TARGET_NAME)";
				SWIFT_EMIT_LOC_STRINGS = NO;
				SWIFT_VERSION = 5.0;
				TEST_TARGET_NAME = nuflicker;
			};
			name = Debug;
		};
		F1E28B7E2BD19B1500A905E4 /* Release */ = {
			isa = XCBuildConfiguration;
			buildSettings = {
				ALWAYS_EMBED_SWIFT_STANDARD_LIBRARIES = YES;
				CODE_SIGN_STYLE = Automatic;
				CURRENT_PROJECT_VERSION = 1;
				DEVELOPMENT_TEAM = KKZYWR7787;
				GENERATE_INFOPLIST_FILE = YES;
				MARKETING_VERSION = 1.0;
				PRODUCT_BUNDLE_IDENTIFIER = yourstruly.nuflickerUITests;
				PRODUCT_NAME = "$(TARGET_NAME)";
				SWIFT_EMIT_LOC_STRINGS = NO;
				SWIFT_VERSION = 5.0;
				TEST_TARGET_NAME = nuflicker;
			};
			name = Release;
		};
/* End XCBuildConfiguration section */

/* Begin XCConfigurationList section */
		F1E28B4C2BD19B1100A905E4 /* Build configuration list for PBXProject "nuflicker" */ = {
			isa = XCConfigurationList;
			buildConfigurations = (
				F1E28B742BD19B1500A905E4 /* Debug */,
				F1E28B752BD19B1500A905E4 /* Release */,
			);
			defaultConfigurationIsVisible = 0;
			defaultConfigurationName = Release;
		};
		F1E28B762BD19B1500A905E4 /* Build configuration list for PBXNativeTarget "nuflicker" */ = {
			isa = XCConfigurationList;
			buildConfigurations = (
				F1E28B772BD19B1500A905E4 /* Debug */,
				F1E28B782BD19B1500A905E4 /* Release */,
			);
			defaultConfigurationIsVisible = 0;
			defaultConfigurationName = Release;
		};
		F1E28B792BD19B1500A905E4 /* Build configuration list for PBXNativeTarget "nuflickerTests" */ = {
			isa = XCConfigurationList;
			buildConfigurations = (
				F1E28B7A2BD19B1500A905E4 /* Debug */,
				F1E28B7B2BD19B1500A905E4 /* Release */,
			);
			defaultConfigurationIsVisible = 0;
			defaultConfigurationName = Release;
		};
		F1E28B7C2BD19B1500A905E4 /* Build configuration list for PBXNativeTarget "nuflickerUITests" */ = {
			isa = XCConfigurationList;
			buildConfigurations = (
				F1E28B7D2BD19B1500A905E4 /* Debug */,
				F1E28B7E2BD19B1500A905E4 /* Release */,
			);
			defaultConfigurationIsVisible = 0;
			defaultConfigurationName = Release;
		};
/* End XCConfigurationList section */
	};
	rootObject = F1E28B492BD19B1100A905E4 /* Project object */;
}
